
Microsoft Visual Studio Solution File, Format Version 12.00
Project("{FAE04EC0-301F-11D3-BF4B-00C04F79EFBC}") = "LetsGoDeeper", "LetsGoDeeper\LetsGoDeeper.csproj", "{89826103-5B47-42EB-8537-5A7887434D2F}"
EndProject
Global
	GlobalSection(SolutionConfigurationPlatforms) = preSolution
		Debug|Any CPU = Debug|Any CPU
		Release|Any CPU = Release|Any CPU
	EndGlobalSection
	GlobalSection(ProjectConfigurationPlatforms) = postSolution
		{89826103-5B47-42EB-8537-5A7887434D2F}.Debug|Any CPU.ActiveCfg = Debug|Any CPU
		{89826103-5B47-42EB-8537-5A7887434D2F}.Debug|Any CPU.Build.0 = Debug|Any CPU
		{89826103-5B47-42EB-8537-5A7887434D2F}.Release|Any CPU.ActiveCfg = Release|Any CPU
		{89826103-5B47-42EB-8537-5A7887434D2F}.Release|Any CPU.Build.0 = Release|Any CPU
	EndGlobalSection
EndGlobal
